
Microsoft Visual Studio Solution File, Format Version 12.00
# Visual Studio 15
VisualStudioVersion = 15.0.26730.0
MinimumVisualStudioVersion = 10.0.40219.1
Project("{FAE04EC0-301F-11D3-BF4B-00C04F79EFBC}") = "Ticker", "Ticker\Ticker.csproj", "{4472688F-11CF-4E6E-ADEA-E812EE71D9D5}"
EndProject
Project("{FAE04EC0-301F-11D3-BF4B-00C04F79EFBC}") = "TickerSample", "TickerSample\TickerSample.csproj", "{082963D9-CB92-4A87-A8C1-B1F3E83C7AEC}"
EndProject
Project("{2150E333-8FDC-42A3-9474-1A3956D46DE8}") = "Solution Items", "Solution Items", "{BD8C7E08-8546-4221-A9AE-F751AC65923B}"
	ProjectSection(SolutionItems) = preProject
		Readme.md = Readme.md
	EndProjectSection
EndProject
Global
	GlobalSection(SolutionConfigurationPlatforms) = preSolution
		Debug|Any CPU = Debug|Any CPU
		Release|Any CPU = Release|Any CPU
	EndGlobalSection
	GlobalSection(ProjectConfigurationPlatforms) = postSolution
		{4472688F-11CF-4E6E-ADEA-E812EE71D9D5}.Debug|Any CPU.ActiveCfg = Debug|Any CPU
		{4472688F-11CF-4E6E-ADEA-E812EE71D9D5}.Debug|Any CPU.Build.0 = Debug|Any CPU
		{4472688F-11CF-4E6E-ADEA-E812EE71D9D5}.Release|Any CPU.ActiveCfg = Release|Any CPU
		{4472688F-11CF-4E6E-ADEA-E812EE71D9D5}.Release|Any CPU.Build.0 = Release|Any CPU
		{082963D9-CB92-4A87-A8C1-B1F3E83C7AEC}.Debug|Any CPU.ActiveCfg = Debug|Any CPU
		{082963D9-CB92-4A87-A8C1-B1F3E83C7AEC}.Debug|Any CPU.Build.0 = Debug|Any CPU
		{082963D9-CB92-4A87-A8C1-B1F3E83C7AEC}.Debug|Any CPU.Deploy.0 = Debug|Any CPU
		{082963D9-CB92-4A87-A8C1-B1F3E83C7AEC}.Release|Any CPU.ActiveCfg = Release|Any CPU
		{082963D9-CB92-4A87-A8C1-B1F3E83C7AEC}.Release|Any CPU.Build.0 = Release|Any CPU
		{082963D9-CB92-4A87-A8C1-B1F3E83C7AEC}.Release|Any CPU.Deploy.0 = Release|Any CPU
	EndGlobalSection
	GlobalSection(SolutionProperties) = preSolution
		HideSolutionNode = FALSE
	EndGlobalSection
	GlobalSection(ExtensibilityGlobals) = postSolution
		SolutionGuid = {3F811953-D3F9-4E8A-AFA5-425F41777E1F}
	EndGlobalSection
EndGlobal
